
Microsoft Visual Studio Solution File, Format Version 12.00
# Visual Studio Version 17
VisualStudioVersion = 17.7.34003.232
MinimumVisualStudioVersion = 10.0.40219.1
Project("{FAE04EC0-301F-11D3-BF4B-00C04F79EFBC}") = "Business_layer", "lab_work3.2\Business_layer.csproj", "{1531613D-5CA2-4743-855A-0E94322BC4A4}"
EndProject
Project("{FAE04EC0-301F-11D3-BF4B-00C04F79EFBC}") = "Data_layer", "Data_layer\Data_layer.csproj", "{1332E0C7-F6F1-4815-AC0D-4A06EC76A16A}"
EndProject
Project("{FAE04EC0-301F-11D3-BF4B-00C04F79EFBC}") = "Presentational_layer", "Presentational_layer\Presentational_layer.csproj", "{914B3DF5-1EAB-46FE-84AB-FB1C1FC5D36F}"
EndProject
Global
	GlobalSection(SolutionConfigurationPlatforms) = preSolution
		Debug|Any CPU = Debug|Any CPU
		Release|Any CPU = Release|Any CPU
	EndGlobalSection
	GlobalSection(ProjectConfigurationPlatforms) = postSolution
		{1531613D-5CA2-4743-855A-0E94322BC4A4}.Debug|Any CPU.ActiveCfg = Debug|Any CPU
		{1531613D-5CA2-4743-855A-0E94322BC4A4}.Debug|Any CPU.Build.0 = Debug|Any CPU
		{1531613D-5CA2-4743-855A-0E94322BC4A4}.Release|Any CPU.ActiveCfg = Release|Any CPU
		{1531613D-5CA2-4743-855A-0E94322BC4A4}.Release|Any CPU.Build.0 = Release|Any CPU
		{1332E0C7-F6F1-4815-AC0D-4A06EC76A16A}.Debug|Any CPU.ActiveCfg = Debug|Any CPU
		{1332E0C7-F6F1-4815-AC0D-4A06EC76A16A}.Debug|Any CPU.Build.0 = Debug|Any CPU
		{1332E0C7-F6F1-4815-AC0D-4A06EC76A16A}.Release|Any CPU.ActiveCfg = Release|Any CPU
		{1332E0C7-F6F1-4815-AC0D-4A06EC76A16A}.Release|Any CPU.Build.0 = Release|Any CPU
		{914B3DF5-1EAB-46FE-84AB-FB1C1FC5D36F}.Debug|Any CPU.ActiveCfg = Debug|Any CPU
		{914B3DF5-1EAB-46FE-84AB-FB1C1FC5D36F}.Debug|Any CPU.Build.0 = Debug|Any CPU
		{914B3DF5-1EAB-46FE-84AB-FB1C1FC5D36F}.Release|Any CPU.ActiveCfg = Release|Any CPU
		{914B3DF5-1EAB-46FE-84AB-FB1C1FC5D36F}.Release|Any CPU.Build.0 = Release|Any CPU
	EndGlobalSection
	GlobalSection(SolutionProperties) = preSolution
		HideSolutionNode = FALSE
	EndGlobalSection
	GlobalSection(ExtensibilityGlobals) = postSolution
		SolutionGuid = {1220292F-7143-4EE4-8704-D96DEFFDB078}
	EndGlobalSection
EndGlobal
